
Microsoft Visual Studio Solution File, Format Version 12.00
# Visual Studio Version 16
VisualStudioVersion = 16.0.810.8
MinimumVisualStudioVersion = 10.0.40219.1
Project("{FAE04EC0-301F-11D3-BF4B-00C04F79EFBC}") = "practice_5", "practice_5\practice_5.csproj", "{71FE48F9-F87D-4D64-8C7F-427B8694D221}"
EndProject
Global
	GlobalSection(SolutionConfigurationPlatforms) = preSolution
		Debug|Any CPU = Debug|Any CPU
		Release|Any CPU = Release|Any CPU
	EndGlobalSection
	GlobalSection(ProjectConfigurationPlatforms) = postSolution
		{71FE48F9-F87D-4D64-8C7F-427B8694D221}.Debug|Any CPU.ActiveCfg = Debug|Any CPU
		{71FE48F9-F87D-4D64-8C7F-427B8694D221}.Debug|Any CPU.Build.0 = Debug|Any CPU
		{71FE48F9-F87D-4D64-8C7F-427B8694D221}.Release|Any CPU.ActiveCfg = Release|Any CPU
		{71FE48F9-F87D-4D64-8C7F-427B8694D221}.Release|Any CPU.Build.0 = Release|Any CPU
	EndGlobalSection
	GlobalSection(SolutionProperties) = preSolution
		HideSolutionNode = FALSE
	EndGlobalSection
	GlobalSection(ExtensibilityGlobals) = postSolution
		SolutionGuid = {0AF77669-3CDC-4CC3-8759-FE533E2584A6}
	EndGlobalSection
EndGlobal
